// !$*UTF8*$!
{
	archiveVersion = 1;
	classes = {
	};
	objectVersion = 50;
	objects = {

/* Begin PBXBuildFile section */
		FCBE12FF235654EE00781B10 /* AppDelegate.swift in Sources */ = {isa = PBXBuildFile; fileRef = FCBE12FE235654EE00781B10 /* AppDelegate.swift */; };
		FCBE1301235654EE00781B10 /* SceneDelegate.swift in Sources */ = {isa = PBXBuildFile; fileRef = FCBE1300235654EE00781B10 /* SceneDelegate.swift */; };
		FCBE1306235654EE00781B10 /* Main.storyboard in Resources */ = {isa = PBXBuildFile; fileRef = FCBE1304235654EE00781B10 /* Main.storyboard */; };
		FCBE1308235654F100781B10 /* Assets.xcassets in Resources */ = {isa = PBXBuildFile; fileRef = FCBE1307235654F100781B10 /* Assets.xcassets */; };
		FCBE130B235654F100781B10 /* LaunchScreen.storyboard in Resources */ = {isa = PBXBuildFile; fileRef = FCBE1309235654F100781B10 /* LaunchScreen.storyboard */; };
		FCBE13172356563100781B10 /* PostListTableViewController.swift in Sources */ = {isa = PBXBuildFile; fileRef = FCBE13162356563100781B10 /* PostListTableViewController.swift */; };
		FCBE1319235656B200781B10 /* PostDetailTableViewController.swift in Sources */ = {isa = PBXBuildFile; fileRef = FCBE1318235656B200781B10 /* PostDetailTableViewController.swift */; };
		FCBE131B2356571E00781B10 /* AddPostTableViewController.swift in Sources */ = {isa = PBXBuildFile; fileRef = FCBE131A2356571E00781B10 /* AddPostTableViewController.swift */; };
		FCBE131F2356574F00781B10 /* CloudKit.framework in Frameworks */ = {isa = PBXBuildFile; fileRef = FCBE131E2356574F00781B10 /* CloudKit.framework */; };
		FCBE1322235657E500781B10 /* Post.swift in Sources */ = {isa = PBXBuildFile; fileRef = FCBE1321235657E500781B10 /* Post.swift */; };
		FCBE132423565C5000781B10 /* PostController.swift in Sources */ = {isa = PBXBuildFile; fileRef = FCBE132323565C5000781B10 /* PostController.swift */; };
		FCBE13272356621A00781B10 /* PostTableViewCell.swift in Sources */ = {isa = PBXBuildFile; fileRef = FCBE13262356621A00781B10 /* PostTableViewCell.swift */; };
		FCBE132A235670BB00781B10 /* DateFormatter.swift in Sources */ = {isa = PBXBuildFile; fileRef = FCBE1329235670BB00781B10 /* DateFormatter.swift */; };
/* End PBXBuildFile section */

/* Begin PBXFileReference section */
		FCBE12FB235654EE00781B10 /* Continuum.app */ = {isa = PBXFileReference; explicitFileType = wrapper.application; includeInIndex = 0; path = Continuum.app; sourceTree = BUILT_PRODUCTS_DIR; };
		FCBE12FE235654EE00781B10 /* AppDelegate.swift */ = {isa = PBXFileReference; lastKnownFileType = sourcecode.swift; path = AppDelegate.swift; sourceTree = "<group>"; };
		FCBE1300235654EE00781B10 /* SceneDelegate.swift */ = {isa = PBXFileReference; lastKnownFileType = sourcecode.swift; path = SceneDelegate.swift; sourceTree = "<group>"; };
		FCBE1305235654EE00781B10 /* Base */ = {isa = PBXFileReference; lastKnownFileType = file.storyboard; name = Base; path = Base.lproj/Main.storyboard; sourceTree = "<group>"; };
		FCBE1307235654F100781B10 /* Assets.xcassets */ = {isa = PBXFileReference; lastKnownFileType = folder.assetcatalog; path = Assets.xcassets; sourceTree = "<group>"; };
		FCBE130A235654F100781B10 /* Base */ = {isa = PBXFileReference; lastKnownFileType = file.storyboard; name = Base; path = Base.lproj/LaunchScreen.storyboard; sourceTree = "<group>"; };
		FCBE130C235654F100781B10 /* Info.plist */ = {isa = PBXFileReference; lastKnownFileType = text.plist.xml; path = Info.plist; sourceTree = "<group>"; };
		FCBE13162356563100781B10 /* PostListTableViewController.swift */ = {isa = PBXFileReference; lastKnownFileType = sourcecode.swift; path = PostListTableViewController.swift; sourceTree = "<group>"; };
		FCBE1318235656B200781B10 /* PostDetailTableViewController.swift */ = {isa = PBXFileReference; lastKnownFileType = sourcecode.swift; path = PostDetailTableViewController.swift; sourceTree = "<group>"; };
		FCBE131A2356571E00781B10 /* AddPostTableViewController.swift */ = {isa = PBXFileReference; lastKnownFileType = sourcecode.swift; path = AddPostTableViewController.swift; sourceTree = "<group>"; };
		FCBE131C2356574300781B10 /* Continuum.entitlements */ = {isa = PBXFileReference; lastKnownFileType = text.plist.entitlements; path = Continuum.entitlements; sourceTree = "<group>"; };
		FCBE131E2356574F00781B10 /* CloudKit.framework */ = {isa = PBXFileReference; lastKnownFileType = wrapper.framework; name = CloudKit.framework; path = System/Library/Frameworks/CloudKit.framework; sourceTree = SDKROOT; };
		FCBE1321235657E500781B10 /* Post.swift */ = {isa = PBXFileReference; lastKnownFileType = sourcecode.swift; path = Post.swift; sourceTree = "<group>"; };
		FCBE132323565C5000781B10 /* PostController.swift */ = {isa = PBXFileReference; lastKnownFileType = sourcecode.swift; path = PostController.swift; sourceTree = "<group>"; };
		FCBE13262356621A00781B10 /* PostTableViewCell.swift */ = {isa = PBXFileReference; lastKnownFileType = sourcecode.swift; path = PostTableViewCell.swift; sourceTree = "<group>"; };
		FCBE1329235670BB00781B10 /* DateFormatter.swift */ = {isa = PBXFileReference; lastKnownFileType = sourcecode.swift; path = DateFormatter.swift; sourceTree = "<group>"; };
/* End PBXFileReference section */

/* Begin PBXFrameworksBuildPhase section */
		FCBE12F8235654EE00781B10 /* Frameworks */ = {
			isa = PBXFrameworksBuildPhase;
			buildActionMask = 2147483647;
			files = (
				FCBE131F2356574F00781B10 /* CloudKit.framework in Frameworks */,
			);
			runOnlyForDeploymentPostprocessing = 0;
		};
/* End PBXFrameworksBuildPhase section */

/* Begin PBXGroup section */
		FCBE12F2235654ED00781B10 = {
			isa = PBXGroup;
			children = (
				FCBE12FD235654EE00781B10 /* Continuum */,
				FCBE12FC235654EE00781B10 /* Products */,
				FCBE131D2356574F00781B10 /* Frameworks */,
			);
			sourceTree = "<group>";
		};
		FCBE12FC235654EE00781B10 /* Products */ = {
			isa = PBXGroup;
			children = (
				FCBE12FB235654EE00781B10 /* Continuum.app */,
			);
			name = Products;
			sourceTree = "<group>";
		};
		FCBE12FD235654EE00781B10 /* Continuum */ = {
			isa = PBXGroup;
			children = (
				FCBE131C2356574300781B10 /* Continuum.entitlements */,
				FCBE1320235657C200781B10 /* Models */,
				FCBE1313235655F100781B10 /* Controllers */,
				FCBE1304235654EE00781B10 /* Main.storyboard */,
				FCBE13122356551C00781B10 /* Supporting Files */,
			);
			path = Continuum;
			sourceTree = "<group>";
		};
		FCBE13122356551C00781B10 /* Supporting Files */ = {
			isa = PBXGroup;
			children = (
				FCBE12FE235654EE00781B10 /* AppDelegate.swift */,
				FCBE1300235654EE00781B10 /* SceneDelegate.swift */,
				FCBE1307235654F100781B10 /* Assets.xcassets */,
				FCBE1309235654F100781B10 /* LaunchScreen.storyboard */,
				FCBE130C235654F100781B10 /* Info.plist */,
			);
			name = "Supporting Files";
			sourceTree = "<group>";
		};
		FCBE1313235655F100781B10 /* Controllers */ = {
			isa = PBXGroup;
			children = (
				FCBE1314235655F600781B10 /* Model Controllers */,
				FCBE1315235655FC00781B10 /* View Controllers */,
				FCBE1325235661F200781B10 /* Views */,
			);
			name = Controllers;
			sourceTree = "<group>";
		};
		FCBE1314235655F600781B10 /* Model Controllers */ = {
			isa = PBXGroup;
			children = (
				FCBE132323565C5000781B10 /* PostController.swift */,
			);
			name = "Model Controllers";
			sourceTree = "<group>";
		};
		FCBE1315235655FC00781B10 /* View Controllers */ = {
			isa = PBXGroup;
			children = (
				FCBE13162356563100781B10 /* PostListTableViewController.swift */,
				FCBE1318235656B200781B10 /* PostDetailTableViewController.swift */,
				FCBE131A2356571E00781B10 /* AddPostTableViewController.swift */,
			);
			name = "View Controllers";
			sourceTree = "<group>";
		};
		FCBE131D2356574F00781B10 /* Frameworks */ = {
			isa = PBXGroup;
			children = (
				FCBE131E2356574F00781B10 /* CloudKit.framework */,
			);
			name = Frameworks;
			sourceTree = "<group>";
		};
		FCBE1320235657C200781B10 /* Models */ = {
			isa = PBXGroup;
			children = (
				FCBE1321235657E500781B10 /* Post.swift */,
				FCBE1328235670A100781B10 /* Formatting */,
			);
			name = Models;
			sourceTree = "<group>";
		};
		FCBE1325235661F200781B10 /* Views */ = {
			isa = PBXGroup;
			children = (
				FCBE13262356621A00781B10 /* PostTableViewCell.swift */,
			);
			name = Views;
			sourceTree = "<group>";
		};
		FCBE1328235670A100781B10 /* Formatting */ = {
			isa = PBXGroup;
			children = (
				FCBE1329235670BB00781B10 /* DateFormatter.swift */,
			);
			name = Formatting;
			sourceTree = "<group>";
		};
/* End PBXGroup section */

/* Begin PBXNativeTarget section */
		FCBE12FA235654EE00781B10 /* Continuum */ = {
			isa = PBXNativeTarget;
			buildConfigurationList = FCBE130F235654F100781B10 /* Build configuration list for PBXNativeTarget "Continuum" */;
			buildPhases = (
				FCBE12F7235654EE00781B10 /* Sources */,
				FCBE12F8235654EE00781B10 /* Frameworks */,
				FCBE12F9235654EE00781B10 /* Resources */,
			);
			buildRules = (
			);
			dependencies = (
			);
			name = Continuum;
			productName = Continuum;
			productReference = FCBE12FB235654EE00781B10 /* Continuum.app */;
			productType = "com.apple.product-type.application";
		};
/* End PBXNativeTarget section */

/* Begin PBXProject section */
		FCBE12F3235654ED00781B10 /* Project object */ = {
			isa = PBXProject;
			attributes = {
				LastSwiftUpdateCheck = 1100;
				LastUpgradeCheck = 1100;
				ORGANIZATIONNAME = "Bethany Bellio";
				TargetAttributes = {
					FCBE12FA235654EE00781B10 = {
						CreatedOnToolsVersion = 11.0;
					};
				};
			};
			buildConfigurationList = FCBE12F6235654ED00781B10 /* Build configuration list for PBXProject "Continuum" */;
			compatibilityVersion = "Xcode 9.3";
			developmentRegion = en;
			hasScannedForEncodings = 0;
			knownRegions = (
				en,
				Base,
			);
			mainGroup = FCBE12F2235654ED00781B10;
			productRefGroup = FCBE12FC235654EE00781B10 /* Products */;
			projectDirPath = "";
			projectRoot = "";
			targets = (
				FCBE12FA235654EE00781B10 /* Continuum */,
			);
		};
/* End PBXProject section */

/* Begin PBXResourcesBuildPhase section */
		FCBE12F9235654EE00781B10 /* Resources */ = {
			isa = PBXResourcesBuildPhase;
			buildActionMask = 2147483647;
			files = (
				FCBE130B235654F100781B10 /* LaunchScreen.storyboard in Resources */,
				FCBE1308235654F100781B10 /* Assets.xcassets in Resources */,
				FCBE1306235654EE00781B10 /* Main.storyboard in Resources */,
			);
			runOnlyForDeploymentPostprocessing = 0;
		};
/* End PBXResourcesBuildPhase section */

/* Begin PBXSourcesBuildPhase section */
		FCBE12F7235654EE00781B10 /* Sources */ = {
			isa = PBXSourcesBuildPhase;
			buildActionMask = 2147483647;
			files = (
				FCBE132A235670BB00781B10 /* DateFormatter.swift in Sources */,
				FCBE13172356563100781B10 /* PostListTableViewController.swift in Sources */,
				FCBE131B2356571E00781B10 /* AddPostTableViewController.swift in Sources */,
				FCBE12FF235654EE00781B10 /* AppDelegate.swift in Sources */,
				FCBE13272356621A00781B10 /* PostTableViewCell.swift in Sources */,
				FCBE1322235657E500781B10 /* Post.swift in Sources */,
				FCBE132423565C5000781B10 /* PostController.swift in Sources */,
				FCBE1319235656B200781B10 /* PostDetailTableViewController.swift in Sources */,
				FCBE1301235654EE00781B10 /* SceneDelegate.swift in Sources */,
			);
			runOnlyForDeploymentPostprocessing = 0;
		};
/* End PBXSourcesBuildPhase section */

/* Begin PBXVariantGroup section */
		FCBE1304235654EE00781B10 /* Main.storyboard */ = {
			isa = PBXVariantGroup;
			children = (
				FCBE1305235654EE00781B10 /* Base */,
			);
			name = Main.storyboard;
			sourceTree = "<group>";
		};
		FCBE1309235654F100781B10 /* LaunchScreen.storyboard */ = {
			isa = PBXVariantGroup;
			children = (
				FCBE130A235654F100781B10 /* Base */,
			);
			name = LaunchScreen.storyboard;
			sourceTree = "<group>";
		};
/* End PBXVariantGroup section */

/* Begin XCBuildConfiguration section */
		FCBE130D235654F100781B10 /* Debug */ = {
			isa = XCBuildConfiguration;
			buildSettings = {
				ALWAYS_SEARCH_USER_PATHS = NO;
				CLANG_ANALYZER_NONNULL = YES;
				CLANG_ANALYZER_NUMBER_OBJECT_CONVERSION = YES_AGGRESSIVE;
				CLANG_CXX_LANGUAGE_STANDARD = "gnu++14";
				CLANG_CXX_LIBRARY = "libc++";
				CLANG_ENABLE_MODULES = YES;
				CLANG_ENABLE_OBJC_ARC = YES;
				CLANG_ENABLE_OBJC_WEAK = YES;
				CLANG_WARN_BLOCK_CAPTURE_AUTORELEASING = YES;
				CLANG_WARN_BOOL_CONVERSION = YES;
				CLANG_WARN_COMMA = YES;
				CLANG_WARN_CONSTANT_CONVERSION = YES;
				CLANG_WARN_DEPRECATED_OBJC_IMPLEMENTATIONS = YES;
				CLANG_WARN_DIRECT_OBJC_ISA_USAGE = YES_ERROR;
				CLANG_WARN_DOCUMENTATION_COMMENTS = YES;
				CLANG_WARN_EMPTY_BODY = YES;
				CLANG_WARN_ENUM_CONVERSION = YES;
				CLANG_WARN_INFINITE_RECURSION = YES;
				CLANG_WARN_INT_CONVERSION = YES;
				CLANG_WARN_NON_LITERAL_NULL_CONVERSION = YES;
				CLANG_WARN_OBJC_IMPLICIT_RETAIN_SELF = YES;
				CLANG_WARN_OBJC_LITERAL_CONVERSION = YES;
				CLANG_WARN_OBJC_ROOT_CLASS = YES_ERROR;
				CLANG_WARN_RANGE_LOOP_ANALYSIS = YES;
				CLANG_WARN_STRICT_PROTOTYPES = YES;
				CLANG_WARN_SUSPICIOUS_MOVE = YES;
				CLANG_WARN_UNGUARDED_AVAILABILITY = YES_AGGRESSIVE;
				CLANG_WARN_UNREACHABLE_CODE = YES;
				CLANG_WARN__DUPLICATE_METHOD_MATCH = YES;
				COPY_PHASE_STRIP = NO;
				DEBUG_INFORMATION_FORMAT = dwarf;
				ENABLE_STRICT_OBJC_MSGSEND = YES;
				ENABLE_TESTABILITY = YES;
				GCC_C_LANGUAGE_STANDARD = gnu11;
				GCC_DYNAMIC_NO_PIC = NO;
				GCC_NO_COMMON_BLOCKS = YES;
				GCC_OPTIMIZATION_LEVEL = 0;
				GCC_PREPROCESSOR_DEFINITIONS = (
					"DEBUG=1",
					"$(inherited)",
				);
				GCC_WARN_64_TO_32_BIT_CONVERSION = YES;
				GCC_WARN_ABOUT_RETURN_TYPE = YES_ERROR;
				GCC_WARN_UNDECLARED_SELECTOR = YES;
				GCC_WARN_UNINITIALIZED_AUTOS = YES_AGGRESSIVE;
				GCC_WARN_UNUSED_FUNCTION = YES;
				GCC_WARN_UNUSED_VARIABLE = YES;
				IPHONEOS_DEPLOYMENT_TARGET = 13.0;
				MTL_ENABLE_DEBUG_INFO = INCLUDE_SOURCE;
				MTL_FAST_MATH = YES;
				ONLY_ACTIVE_ARCH = YES;
				SDKROOT = iphoneos;
				SWIFT_ACTIVE_COMPILATION_CONDITIONS = DEBUG;
				SWIFT_OPTIMIZATION_LEVEL = "-Onone";
			};
			name = Debug;
		};
		FCBE130E235654F100781B10 /* Release */ = {
			isa = XCBuildConfiguration;
			buildSettings = {
				ALWAYS_SEARCH_USER_PATHS = NO;
				CLANG_ANALYZER_NONNULL = YES;
				CLANG_ANALYZER_NUMBER_OBJECT_CONVERSION = YES_AGGRESSIVE;
				CLANG_CXX_LANGUAGE_STANDARD = "gnu++14";
				CLANG_CXX_LIBRARY = "libc++";
				CLANG_ENABLE_MODULES = YES;
				CLANG_ENABLE_OBJC_ARC = YES;
				CLANG_ENABLE_OBJC_WEAK = YES;
				CLANG_WARN_BLOCK_CAPTURE_AUTORELEASING = YES;
				CLANG_WARN_BOOL_CONVERSION = YES;
				CLANG_WARN_COMMA = YES;
				CLANG_WARN_CONSTANT_CONVERSION = YES;
				CLANG_WARN_DEPRECATED_OBJC_IMPLEMENTATIONS = YES;
				CLANG_WARN_DIRECT_OBJC_ISA_USAGE = YES_ERROR;
				CLANG_WARN_DOCUMENTATION_COMMENTS = YES;
				CLANG_WARN_EMPTY_BODY = YES;
				CLANG_WARN_ENUM_CONVERSION = YES;
				CLANG_WARN_INFINITE_RECURSION = YES;
				CLANG_WARN_INT_CONVERSION = YES;
				CLANG_WARN_NON_LITERAL_NULL_CONVERSION = YES;
				CLANG_WARN_OBJC_IMPLICIT_RETAIN_SELF = YES;
				CLANG_WARN_OBJC_LITERAL_CONVERSION = YES;
				CLANG_WARN_OBJC_ROOT_CLASS = YES_ERROR;
				CLANG_WARN_RANGE_LOOP_ANALYSIS = YES;
				CLANG_WARN_STRICT_PROTOTYPES = YES;
				CLANG_WARN_SUSPICIOUS_MOVE = YES;
				CLANG_WARN_UNGUARDED_AVAILABILITY = YES_AGGRESSIVE;
				CLANG_WARN_UNREACHABLE_CODE = YES;
				CLANG_WARN__DUPLICATE_METHOD_MATCH = YES;
				COPY_PHASE_STRIP = NO;
				DEBUG_INFORMATION_FORMAT = "dwarf-with-dsym";
				ENABLE_NS_ASSERTIONS = NO;
				ENABLE_STRICT_OBJC_MSGSEND = YES;
				GCC_C_LANGUAGE_STANDARD = gnu11;
				GCC_NO_COMMON_BLOCKS = YES;
				GCC_WARN_64_TO_32_BIT_CONVERSION = YES;
				GCC_WARN_ABOUT_RETURN_TYPE = YES_ERROR;
				GCC_WARN_UNDECLARED_SELECTOR = YES;
				GCC_WARN_UNINITIALIZED_AUTOS = YES_AGGRESSIVE;
				GCC_WARN_UNUSED_FUNCTION = YES;
				GCC_WARN_UNUSED_VARIABLE = YES;
				IPHONEOS_DEPLOYMENT_TARGET = 13.0;
				MTL_ENABLE_DEBUG_INFO = NO;
				MTL_FAST_MATH = YES;
				SDKROOT = iphoneos;
				SWIFT_COMPILATION_MODE = wholemodule;
				SWIFT_OPTIMIZATION_LEVEL = "-O";
				VALIDATE_PRODUCT = YES;
			};
			name = Release;
		};
		FCBE1310235654F100781B10 /* Debug */ = {
			isa = XCBuildConfiguration;
			buildSettings = {
				ASSETCATALOG_COMPILER_APPICON_NAME = AppIcon;
				CODE_SIGN_ENTITLEMENTS = Continuum/Continuum.entitlements;
				CODE_SIGN_STYLE = Automatic;
				DEVELOPMENT_TEAM = D3HMKK2YAV;
				INFOPLIST_FILE = Continuum/Info.plist;
				LD_RUNPATH_SEARCH_PATHS = (
					"$(inherited)",
					"@executable_path/Frameworks",
				);
				PRODUCT_BUNDLE_IDENTIFIER = com.BethanyBellio.Continuum;
				PRODUCT_NAME = "$(TARGET_NAME)";
				SWIFT_VERSION = 5.0;
				TARGETED_DEVICE_FAMILY = "1,2";
			};
			name = Debug;
		};
		FCBE1311235654F100781B10 /* Release */ = {
			isa = XCBuildConfiguration;
			buildSettings = {
				ASSETCATALOG_COMPILER_APPICON_NAME = AppIcon;
				CODE_SIGN_ENTITLEMENTS = Continuum/Continuum.entitlements;
				CODE_SIGN_STYLE = Automatic;
				DEVELOPMENT_TEAM = D3HMKK2YAV;
				INFOPLIST_FILE = Continuum/Info.plist;
				LD_RUNPATH_SEARCH_PATHS = (
					"$(inherited)",
					"@executable_path/Frameworks",
				);
				PRODUCT_BUNDLE_IDENTIFIER = com.BethanyBellio.Continuum;
				PRODUCT_NAME = "$(TARGET_NAME)";
				SWIFT_VERSION = 5.0;
				TARGETED_DEVICE_FAMILY = "1,2";
			};
			name = Release;
		};
/* End XCBuildConfiguration section */

/* Begin XCConfigurationList section */
		FCBE12F6235654ED00781B10 /* Build configuration list for PBXProject "Continuum" */ = {
			isa = XCConfigurationList;
			buildConfigurations = (
				FCBE130D235654F100781B10 /* Debug */,
				FCBE130E235654F100781B10 /* Release */,
			);
			defaultConfigurationIsVisible = 0;
			defaultConfigurationName = Release;
		};
		FCBE130F235654F100781B10 /* Build configuration list for PBXNativeTarget "Continuum" */ = {
			isa = XCConfigurationList;
			buildConfigurations = (
				FCBE1310235654F100781B10 /* Debug */,
				FCBE1311235654F100781B10 /* Release */,
			);
			defaultConfigurationIsVisible = 0;
			defaultConfigurationName = Release;
		};
/* End XCConfigurationList section */
	};
	rootObject = FCBE12F3235654ED00781B10 /* Project object */;
}
